
Microsoft Visual Studio Solution File, Format Version 12.00
# Visual Studio Version 17
VisualStudioVersion = 17.8.34316.72
MinimumVisualStudioVersion = 10.0.40219.1
Project("{FAE04EC0-301F-11D3-BF4B-00C04F79EFBC}") = "Api_Pagination_Sorting_Demo", "Api_Pagination_Sorting_Demo.csproj", "{7B8F0F53-4D12-4CD7-96F4-998A7A5BDF09}"
EndProject
Global
	GlobalSection(SolutionConfigurationPlatforms) = preSolution
		Debug|Any CPU = Debug|Any CPU
		Release|Any CPU = Release|Any CPU
	EndGlobalSection
	GlobalSection(ProjectConfigurationPlatforms) = postSolution
		{7B8F0F53-4D12-4CD7-96F4-998A7A5BDF09}.Debug|Any CPU.ActiveCfg = Debug|Any CPU
		{7B8F0F53-4D12-4CD7-96F4-998A7A5BDF09}.Debug|Any CPU.Build.0 = Debug|Any CPU
		{7B8F0F53-4D12-4CD7-96F4-998A7A5BDF09}.Release|Any CPU.ActiveCfg = Release|Any CPU
		{7B8F0F53-4D12-4CD7-96F4-998A7A5BDF09}.Release|Any CPU.Build.0 = Release|Any CPU
	EndGlobalSection
	GlobalSection(SolutionProperties) = preSolution
		HideSolutionNode = FALSE
	EndGlobalSection
	GlobalSection(ExtensibilityGlobals) = postSolution
		SolutionGuid = {48F5FBEA-1325-4649-83C4-75E8F130EF7F}
	EndGlobalSection
EndGlobal
